{
  "requires": true,
  "lockfileVersion": 1,
  "dependencies": {
    "array-back": {
      "version": "1.0.4",
      "resolved": "https://registry.npmjs.org/array-back/-/array-back-1.0.4.tgz",
      "integrity": "sha1-ZEun8JX3/898Q7Xw3DnTwfA8Bjs=",
      "requires": {
        "typical": "2.6.1"
      }
    },
    "jsdoc-parse": {
      "version": "3.0.0",
      "resolved": "https://registry.npmjs.org/jsdoc-parse/-/jsdoc-parse-3.0.0.tgz",
      "integrity": "sha1-JxUx2I8Z3yUgsWMqf2yYlEGof94=",
      "requires": {
        "array-back": "1.0.4",
        "lodash.omit": "4.5.0",
        "lodash.pick": "4.4.0",
        "reduce-extract": "1.0.0",
        "sort-array": "1.1.2",
        "test-value": "2.1.0"
      }
    },
    "lodash.omit": {
      "version": "4.5.0",
      "resolved": "https://registry.npmjs.org/lodash.omit/-/lodash.omit-4.5.0.tgz",
      "integrity": "sha1-brGa5aHuHdnfC5aeZs4Lf6MLXmA="
    },
    "lodash.pick": {
      "version": "4.4.0",
      "resolved": "https://registry.npmjs.org/lodash.pick/-/lodash.pick-4.4.0.tgz",
      "integrity": "sha1-UvBWEP/53tQiYRRB7R/BI6AwAbM="
    },
    "object-get": {
      "version": "2.1.0",
      "resolved": "https://registry.npmjs.org/object-get/-/object-get-2.1.0.tgz",
      "integrity": "sha1-ciu9tgA576R8rTxtws5RqFwCxa4="
    },
    "reduce-extract": {
      "version": "1.0.0",
      "resolved": "https://registry.npmjs.org/reduce-extract/-/reduce-extract-1.0.0.tgz",
      "integrity": "sha1-Z/I4W+2mUGG19fQxJmLosIDKFSU=",
      "requires": {
        "test-value": "1.1.0"
      },
      "dependencies": {
        "test-value": {
          "version": "1.1.0",
          "resolved": "https://registry.npmjs.org/test-value/-/test-value-1.1.0.tgz",
          "integrity": "sha1-oJE29y7AQ9J8iTcHwrFZv6196T8=",
          "requires": {
            "array-back": "1.0.4",
            "typical": "2.6.1"
          }
        }
      }
    },
    "sort-array": {
      "version": "1.1.2",
      "resolved": "https://registry.npmjs.org/sort-array/-/sort-array-1.1.2.tgz",
      "integrity": "sha1-uImGBTwBcKf53mPxiknsecJMPmQ=",
      "requires": {
        "array-back": "1.0.4",
        "object-get": "2.1.0",
        "typical": "2.6.1"
      }
    },
    "test-value": {
      "version": "2.1.0",
      "resolved": "https://registry.npmjs.org/test-value/-/test-value-2.1.0.tgz",
      "integrity": "sha1-Edpv9nDzRxpztiXKTz/c97t0gpE=",
      "requires": {
        "array-back": "1.0.4",
        "typical": "2.6.1"
      }
    },
    "typical": {
      "version": "2.6.1",
      "resolved": "https://registry.npmjs.org/typical/-/typical-2.6.1.tgz",
      "integrity": "sha1-XAgOXWYcu+OCWdLnCjxyU+hziB0="
    }
  }
}
